#MicroXplorer Configuration settings - do not modify
Mcu.Family=STM32F4
PC3.Mode=Half_Duplex_Master
SH.GPXTI1.0=GPIO_EXTI1
ProjectManager.MainLocation=Src
I2S2.AudioFreq=I2S_AUDIOFREQ_192K
ProjectManager.ProjectFileName=akustik.ioc
RCC.CortexFreq_Value=48000000
SPI3.Direction=SPI_DIRECTION_2LINES
SPI3.VirtualType=VM_MASTER
I2S2.Instance=SPI$Index
ProjectManager.KeepUserCode=true
Mcu.UserName=STM32F401RETx
PA10.Mode=Asynchronous
Mcu.PinsNb=23
PB10.Mode=Half_Duplex_Master
ProjectManager.NoMain=false
PC12.Locked=true
RCC.PLLCLKFreq_Value=48000000
PC10.Signal=SPI3_SCK
PC11.Signal=SPI3_MISO
PC12.Signal=SPI3_MOSI
RCC.PLLQCLKFreq_Value=48000000
ProjectManager.functionlistsort=1-MX_GPIO_Init-GPIO-false-HAL-true,2-SystemClock_Config-RCC-false-HAL-false,3-MX_I2S2_Init-I2S2-false-HAL-true,4-MX_SPI3_Init-SPI3-false-HAL-true,5-MX_USB_OTG_FS_HCD_Init-USB_OTG_FS-false-HAL-true
PH1\ -\ OSC_OUT.Mode=HSE-External-Oscillator
PC10.Mode=Full_Duplex_Master
SH.GPXTI0.ConfNb=1
PA11.Mode=Host_Only
RCC.RTCFreq_Value=32000
ProjectManager.DefaultFWLocation=true
ProjectManager.DeletePrevious=true
USART1.IPParameters=VirtualMode
PC0.Signal=GPXTI0
RCC.APB1CLKDivider=RCC_HCLK_DIV2
PC1.Locked=true
PinOutPanel.RotationAngle=0
RCC.SYSCLKSource=RCC_SYSCLKSOURCE_PLLCLK
ProjectManager.StackSize=0x400
RCC.PLLSource=RCC_PLLSOURCE_HSI
SH.GPXTI13.0=GPIO_EXTI13
PA13.Signal=SYS_JTMS-SWDIO
Mcu.IP4=SYS
RCC.FCLKCortexFreq_Value=48000000
Mcu.IP5=USART1
NVIC.SVCall_IRQn=true\:0\:0\:false\:false\:true\:true\:false
Mcu.IP2=RCC
Mcu.IP3=SPI3
Mcu.IP0=I2S2
PA9.Mode=Asynchronous
PA15.Locked=true
Mcu.IP1=NVIC
PA12.Signal=USB_OTG_FS_DP
PH0\ -\ OSC_IN.Mode=HSE-External-Oscillator
Mcu.UserConstants=
PH0\ -\ OSC_IN.Signal=RCC_OSC_IN
ProjectManager.TargetToolchain=EWARM V8.32
SH.GPXTI13.ConfNb=1
Mcu.ThirdPartyNb=0
SPI3.VirtualNSS=VM_NSSHARD
RCC.HCLKFreq_Value=48000000
Mcu.IPNb=7
RCC.I2SClocksFreq_Value=96000000
ProjectManager.PreviousToolchain=
RCC.APB2TimFreq_Value=48000000
PA9.Signal=USART1_TX
I2S2.VirtualMode=I2S_MODE_MASTER
RCC.VcooutputI2S=96000000
PC3.Signal=I2S2_SD
Mcu.Pin6=PA1
Mcu.Pin7=PA2
ProjectManager.RegisterCallBack=
Mcu.Pin8=PA3
Mcu.Pin9=PB0
RCC.LSE_VALUE=32768
PA1.Signal=GPIO_Output
RCC.AHBFreq_Value=48000000
Mcu.Pin0=PC13-ANTI_TAMP
Mcu.Pin1=PH0 - OSC_IN
Mcu.Pin2=PH1 - OSC_OUT
PB10.Signal=I2S2_CK
Mcu.Pin3=PC0
Mcu.Pin4=PC1
RCC.VCOI2SOutputFreq_Value=288000000
Mcu.Pin5=PC3
ProjectManager.ProjectBuild=false
RCC.HSE_VALUE=25000000
NVIC.UsageFault_IRQn=true\:0\:0\:false\:false\:true\:true\:false
PC12.Mode=Full_Duplex_Master
NVIC.DebugMonitor_IRQn=true\:0\:0\:false\:false\:true\:true\:false
USB_OTG_FS.phy_itface=HCD_PHY_EMBEDDED
PH1\ -\ OSC_OUT.Signal=RCC_OSC_OUT
board=custom
PC13-ANTI_TAMP.Signal=GPXTI13
RCC.VCOOutputFreq_Value=384000000
PC13-ANTI_TAMP.Locked=true
PA15.Mode=NSS_Signal_Hard_Output
NVIC.SysTick_IRQn=true\:0\:0\:false\:false\:true\:true\:true
ProjectManager.LastFirmware=true
ProjectManager.FirmwarePackage=STM32Cube FW_F4 V1.25.1
MxDb.Version=DB.6.0.0
RCC.APB2Freq_Value=24000000
ProjectManager.BackupPrevious=false
MxCube.Version=6.0.1
RCC.VCOInputFreq_Value=1000000
File.Version=6
VP_SYS_VS_Systick.Mode=SysTick
I2S2.IPParameters=RealAudioFreq,ErrorAudioFreq,AudioFreq,Instance,VirtualMode,FullDuplexMode
NVIC.NonMaskableInt_IRQn=true\:0\:0\:false\:false\:true\:true\:false
NVIC.PendSV_IRQn=true\:0\:0\:false\:false\:true\:true\:false
ProjectManager.FreePins=false
RCC.IPParameters=48MHZClocksFreq_Value,AHBFreq_Value,APB1CLKDivider,APB1Freq_Value,APB1TimFreq_Value,APB2CLKDivider,APB2Freq_Value,APB2TimFreq_Value,CortexFreq_Value,FCLKCortexFreq_Value,HCLKFreq_Value,HSE_VALUE,HSI_VALUE,I2SClocksFreq_Value,LSE_VALUE,LSI_VALUE,MCO2PinFreq_Value,PLLCLKFreq_Value,PLLI2SN,PLLI2SR,PLLN,PLLP,PLLQ,PLLQCLKFreq_Value,PLLSource,PLLSourceVirtualString,RTCFreq_Value,RTCHSEDivFreq_Value,SYSCLKFreq_VALUE,SYSCLKSource,VCOI2SOutputFreq_Value,VCOInputFreq_Value,VCOOutputFreq_Value,VcooutputI2S
ProjectManager.AskForMigrate=true
Mcu.Name=STM32F401R(D-E)Tx
ProjectManager.HalAssertFull=false
PB0.Locked=true
RCC.RTCHSEDivFreq_Value=12500000
PA2.Signal=GPIO_Output
ProjectManager.ProjectName=akustik
ProjectManager.UnderRoot=false
I2S2.FullDuplexMode=I2S_FULLDUPLEXMODE_DISABLE
Mcu.IP6=USB_OTG_FS
ProjectManager.CoupleFile=false
RCC.48MHZClocksFreq_Value=48000000
RCC.MCO2PinFreq_Value=48000000
RCC.SYSCLKFreq_VALUE=48000000
Mcu.Package=LQFP64
Mcu.Pin22=VP_SYS_VS_Systick
PA1.Locked=true
PB12.Mode=Half_Duplex_Master
Mcu.Pin20=PC11
PA3.Locked=true
Mcu.Pin21=PC12
PA12.Mode=Host_Only
I2S2.ErrorAudioFreq=-2.34 %
NVIC.ForceEnableDMAVector=true
SPI3.Mode=SPI_MODE_MASTER
KeepUserPlacement=false
NVIC.MemoryManagement_IRQn=true\:0\:0\:false\:false\:true\:true\:false
PA13.Locked=true
PA14.Locked=true
USART1.VirtualMode=VM_ASYNC
ProjectManager.CompilerOptimize=6
ProjectManager.ToolChainLocation=
RCC.LSI_VALUE=32000
VP_SYS_VS_Systick.Signal=SYS_VS_Systick
PA11.Signal=USB_OTG_FS_DM
SH.GPXTI0.0=GPIO_EXTI0
PA10.Signal=USART1_RX
PA14.Signal=SYS_JTCK-SWCLK
USB_OTG_FS.VirtualMode=Host_Only
PA15.Signal=SPI3_NSS
ProjectManager.HeapSize=0x200
Mcu.Pin15=PA12
NVIC.HardFault_IRQn=true\:0\:0\:false\:false\:true\:true\:false
Mcu.Pin16=PA13
Mcu.Pin13=PA10
Mcu.Pin14=PA11
PC11.Mode=Full_Duplex_Master
Mcu.Pin19=PC10
ProjectManager.ComputerToolchain=false
Mcu.Pin17=PA14
RCC.HSI_VALUE=16000000
Mcu.Pin18=PA15
RCC.PLLP=RCC_PLLP_DIV8
RCC.PLLQ=8
NVIC.PriorityGroup=NVIC_PRIORITYGROUP_4
RCC.APB2CLKDivider=RCC_HCLK_DIV2
RCC.PLLSourceVirtualString=RCC_PLLSOURCE_HSI
Mcu.Pin11=PB12
Mcu.Pin12=PA9
RCC.PLLN=384
Mcu.Pin10=PB10
RCC.APB1TimFreq_Value=48000000
NVIC.BusFault_IRQn=true\:0\:0\:false\:false\:true\:true\:false
SPI3.IPParameters=VirtualType,Mode,Direction,VirtualNSS
USB_OTG_FS.IPParameters=VirtualMode,phy_itface
SH.GPXTI1.ConfNb=1
RCC.APB1Freq_Value=24000000
RCC.PLLI2SR=3
PB0.Signal=GPIO_Output
I2S2.RealAudioFreq=187.5 KHz
RCC.PLLI2SN=288
ProjectManager.CustomerFirmwarePackage=
PC0.Locked=true
ProjectManager.DeviceId=STM32F401RETx
PC1.Signal=GPXTI1
PB12.Signal=I2S2_WS
ProjectManager.LibraryCopy=0
PA3.Signal=GPIO_Output
PA2.Locked=true
